// !$*UTF8*$!
{
	archiveVersion = 1;
	classes = {
	};
	objectVersion = 56;
	objects = {

/* Begin PBXBuildFile section */
		1A726B652B7B5DC700A4E05F /* GameEngine.cpp in Sources */ = {isa = PBXBuildFile; fileRef = 1A726B642B7B5DC600A4E05F /* GameEngine.cpp */; };
		1A726B682B7B5DD700A4E05F /* AudioPlayer.cpp in Sources */ = {isa = PBXBuildFile; fileRef = 1A726B662B7B5DD600A4E05F /* AudioPlayer.cpp */; };
		1A726B6C2B7B5E0800A4E05F /* Renderer.cpp in Sources */ = {isa = PBXBuildFile; fileRef = 1A726B6A2B7B5E0800A4E05F /* Renderer.cpp */; };
		1A726B6D2B7B5E0800A4E05F /* Artist.cpp in Sources */ = {isa = PBXBuildFile; fileRef = 1A726B6B2B7B5E0800A4E05F /* Artist.cpp */; };
		1AC9F5952B8215DD00ACD679 /* ResourceManager.cpp in Sources */ = {isa = PBXBuildFile; fileRef = 1AC9F5942B8215DD00ACD679 /* ResourceManager.cpp */; };
		1AC9F5992B8215F000ACD679 /* RenderingConfig.cpp in Sources */ = {isa = PBXBuildFile; fileRef = 1AC9F5962B8215F000ACD679 /* RenderingConfig.cpp */; };
		1AC9F59A2B8215F000ACD679 /* SceneConfig.cpp in Sources */ = {isa = PBXBuildFile; fileRef = 1AC9F5972B8215F000ACD679 /* SceneConfig.cpp */; };
		1AC9F59B2B8215F000ACD679 /* GameConfig.cpp in Sources */ = {isa = PBXBuildFile; fileRef = 1AC9F5982B8215F000ACD679 /* GameConfig.cpp */; };
		1AC9F59F2B8C1B6900ACD679 /* Input.cpp in Sources */ = {isa = PBXBuildFile; fileRef = 1AC9F59E2B8C1B6900ACD679 /* Input.cpp */; };
		1AC9F5A22B8C1C6D00ACD679 /* Actor.cpp in Sources */ = {isa = PBXBuildFile; fileRef = 1AC9F5A02B8C1C6D00ACD679 /* Actor.cpp */; };
		1AC9F5A32B8C1C6D00ACD679 /* Scene.cpp in Sources */ = {isa = PBXBuildFile; fileRef = 1AC9F5A12B8C1C6D00ACD679 /* Scene.cpp */; };
		1AC9F60C2B8C258600ACD679 /* lmathlib.c in Sources */ = {isa = PBXBuildFile; fileRef = 1AC9F5EA2B8C258500ACD679 /* lmathlib.c */; };
		1AC9F60D2B8C258600ACD679 /* lparser.c in Sources */ = {isa = PBXBuildFile; fileRef = 1AC9F5EB2B8C258500ACD679 /* lparser.c */; };
		1AC9F60E2B8C258600ACD679 /* lauxlib.c in Sources */ = {isa = PBXBuildFile; fileRef = 1AC9F5EC2B8C258500ACD679 /* lauxlib.c */; };
		1AC9F60F2B8C258600ACD679 /* lctype.c in Sources */ = {isa = PBXBuildFile; fileRef = 1AC9F5ED2B8C258500ACD679 /* lctype.c */; };
		1AC9F6102B8C258600ACD679 /* loslib.c in Sources */ = {isa = PBXBuildFile; fileRef = 1AC9F5EE2B8C258500ACD679 /* loslib.c */; };
		1AC9F6112B8C258600ACD679 /* lgc.c in Sources */ = {isa = PBXBuildFile; fileRef = 1AC9F5EF2B8C258500ACD679 /* lgc.c */; };
		1AC9F6122B8C258600ACD679 /* lmem.c in Sources */ = {isa = PBXBuildFile; fileRef = 1AC9F5F02B8C258500ACD679 /* lmem.c */; };
		1AC9F6132B8C258600ACD679 /* llex.c in Sources */ = {isa = PBXBuildFile; fileRef = 1AC9F5F12B8C258500ACD679 /* llex.c */; };
		1AC9F6142B8C258600ACD679 /* lvm.c in Sources */ = {isa = PBXBuildFile; fileRef = 1AC9F5F22B8C258500ACD679 /* lvm.c */; };
		1AC9F6152B8C258600ACD679 /* lzio.c in Sources */ = {isa = PBXBuildFile; fileRef = 1AC9F5F32B8C258500ACD679 /* lzio.c */; };
		1AC9F6162B8C258600ACD679 /* lstate.c in Sources */ = {isa = PBXBuildFile; fileRef = 1AC9F5F42B8C258500ACD679 /* lstate.c */; };
		1AC9F6172B8C258600ACD679 /* lapi.c in Sources */ = {isa = PBXBuildFile; fileRef = 1AC9F5F52B8C258500ACD679 /* lapi.c */; };
		1AC9F6182B8C258600ACD679 /* ltable.c in Sources */ = {isa = PBXBuildFile; fileRef = 1AC9F5F62B8C258500ACD679 /* ltable.c */; };
		1AC9F6192B8C258600ACD679 /* lbaselib.c in Sources */ = {isa = PBXBuildFile; fileRef = 1AC9F5F72B8C258500ACD679 /* lbaselib.c */; };
		1AC9F61A2B8C258600ACD679 /* lfunc.c in Sources */ = {isa = PBXBuildFile; fileRef = 1AC9F5F82B8C258500ACD679 /* lfunc.c */; };
		1AC9F61B2B8C258600ACD679 /* ltablib.c in Sources */ = {isa = PBXBuildFile; fileRef = 1AC9F5F92B8C258500ACD679 /* ltablib.c */; };
		1AC9F61C2B8C258600ACD679 /* ldebug.c in Sources */ = {isa = PBXBuildFile; fileRef = 1AC9F5FA2B8C258500ACD679 /* ldebug.c */; };
		1AC9F61D2B8C258600ACD679 /* ldblib.c in Sources */ = {isa = PBXBuildFile; fileRef = 1AC9F5FB2B8C258500ACD679 /* ldblib.c */; };
		1AC9F61E2B8C258600ACD679 /* lcode.c in Sources */ = {isa = PBXBuildFile; fileRef = 1AC9F5FC2B8C258500ACD679 /* lcode.c */; };
		1AC9F61F2B8C258600ACD679 /* lstrlib.c in Sources */ = {isa = PBXBuildFile; fileRef = 1AC9F5FD2B8C258500ACD679 /* lstrlib.c */; };
		1AC9F6202B8C258600ACD679 /* lundump.c in Sources */ = {isa = PBXBuildFile; fileRef = 1AC9F5FE2B8C258500ACD679 /* lundump.c */; };
		1AC9F6212B8C258600ACD679 /* lobject.c in Sources */ = {isa = PBXBuildFile; fileRef = 1AC9F5FF2B8C258500ACD679 /* lobject.c */; };
		1AC9F6222B8C258600ACD679 /* loadlib.c in Sources */ = {isa = PBXBuildFile; fileRef = 1AC9F6002B8C258500ACD679 /* loadlib.c */; };
		1AC9F6232B8C258600ACD679 /* ldo.c in Sources */ = {isa = PBXBuildFile; fileRef = 1AC9F6012B8C258600ACD679 /* ldo.c */; };
		1AC9F6242B8C258600ACD679 /* lutf8lib.c in Sources */ = {isa = PBXBuildFile; fileRef = 1AC9F6022B8C258600ACD679 /* lutf8lib.c */; };
		1AC9F6252B8C258600ACD679 /* ldump.c in Sources */ = {isa = PBXBuildFile; fileRef = 1AC9F6032B8C258600ACD679 /* ldump.c */; };
		1AC9F6272B8C258600ACD679 /* liolib.c in Sources */ = {isa = PBXBuildFile; fileRef = 1AC9F6052B8C258600ACD679 /* liolib.c */; };
		1AC9F6292B8C258600ACD679 /* lopcodes.c in Sources */ = {isa = PBXBuildFile; fileRef = 1AC9F6072B8C258600ACD679 /* lopcodes.c */; };
		1AC9F62A2B8C258600ACD679 /* ltm.c in Sources */ = {isa = PBXBuildFile; fileRef = 1AC9F6082B8C258600ACD679 /* ltm.c */; };
		1AC9F62B2B8C258600ACD679 /* linit.c in Sources */ = {isa = PBXBuildFile; fileRef = 1AC9F6092B8C258600ACD679 /* linit.c */; };
		1AC9F62C2B8C258600ACD679 /* lstring.c in Sources */ = {isa = PBXBuildFile; fileRef = 1AC9F60A2B8C258600ACD679 /* lstring.c */; };
		1AC9F62D2B8C258600ACD679 /* lcorolib.c in Sources */ = {isa = PBXBuildFile; fileRef = 1AC9F60B2B8C258600ACD679 /* lcorolib.c */; };
		1AFE9C5C2B7603720052907A /* SDL2_ttf.framework in Frameworks */ = {isa = PBXBuildFile; fileRef = 1AFE9C582B7603720052907A /* SDL2_ttf.framework */; };
		1AFE9C5D2B7603720052907A /* SDL2_image.framework in Frameworks */ = {isa = PBXBuildFile; fileRef = 1AFE9C592B7603720052907A /* SDL2_image.framework */; };
		1AFE9C5E2B7603720052907A /* SDL2_mixer.framework in Frameworks */ = {isa = PBXBuildFile; fileRef = 1AFE9C5A2B7603720052907A /* SDL2_mixer.framework */; };
		1AFE9C5F2B7603720052907A /* SDL2.framework in Frameworks */ = {isa = PBXBuildFile; fileRef = 1AFE9C5B2B7603720052907A /* SDL2.framework */; };
/* End PBXBuildFile section */

/* Begin PBXCopyFilesBuildPhase section */
		1A97D24D2B71B040007E39F4 /* CopyFiles */ = {
			isa = PBXCopyFilesBuildPhase;
			buildActionMask = 2147483647;
			dstPath = /usr/share/man/man1/;
			dstSubfolderSpec = 0;
			files = (
			);
			runOnlyForDeploymentPostprocessing = 1;
		};
/* End PBXCopyFilesBuildPhase section */

/* Begin PBXFileReference section */
		1A726B642B7B5DC600A4E05F /* GameEngine.cpp */ = {isa = PBXFileReference; fileEncoding = 4; lastKnownFileType = sourcecode.cpp.cpp; name = GameEngine.cpp; path = src/GameEngine.cpp; sourceTree = "<group>"; };
		1A726B662B7B5DD600A4E05F /* AudioPlayer.cpp */ = {isa = PBXFileReference; fileEncoding = 4; lastKnownFileType = sourcecode.cpp.cpp; name = AudioPlayer.cpp; path = src/audio/AudioPlayer.cpp; sourceTree = "<group>"; };
		1A726B6A2B7B5E0800A4E05F /* Renderer.cpp */ = {isa = PBXFileReference; fileEncoding = 4; lastKnownFileType = sourcecode.cpp.cpp; name = Renderer.cpp; path = src/visuals/Renderer.cpp; sourceTree = "<group>"; };
		1A726B6B2B7B5E0800A4E05F /* Artist.cpp */ = {isa = PBXFileReference; fileEncoding = 4; lastKnownFileType = sourcecode.cpp.cpp; name = Artist.cpp; path = src/visuals/Artist.cpp; sourceTree = "<group>"; };
		1A97D24F2B71B040007E39F4 /* game_engine */ = {isa = PBXFileReference; explicitFileType = "compiled.mach-o.executable"; includeInIndex = 0; path = game_engine; sourceTree = BUILT_PRODUCTS_DIR; };
		1AC9F5942B8215DD00ACD679 /* ResourceManager.cpp */ = {isa = PBXFileReference; fileEncoding = 4; lastKnownFileType = sourcecode.cpp.cpp; name = ResourceManager.cpp; path = src/utils/ResourceManager.cpp; sourceTree = "<group>"; };
		1AC9F5962B8215F000ACD679 /* RenderingConfig.cpp */ = {isa = PBXFileReference; fileEncoding = 4; lastKnownFileType = sourcecode.cpp.cpp; name = RenderingConfig.cpp; path = src/utils/config/RenderingConfig.cpp; sourceTree = "<group>"; };
		1AC9F5972B8215F000ACD679 /* SceneConfig.cpp */ = {isa = PBXFileReference; fileEncoding = 4; lastKnownFileType = sourcecode.cpp.cpp; name = SceneConfig.cpp; path = src/utils/config/SceneConfig.cpp; sourceTree = "<group>"; };
		1AC9F5982B8215F000ACD679 /* GameConfig.cpp */ = {isa = PBXFileReference; fileEncoding = 4; lastKnownFileType = sourcecode.cpp.cpp; name = GameConfig.cpp; path = src/utils/config/GameConfig.cpp; sourceTree = "<group>"; };
		1AC9F59E2B8C1B6900ACD679 /* Input.cpp */ = {isa = PBXFileReference; fileEncoding = 4; lastKnownFileType = sourcecode.cpp.cpp; name = Input.cpp; path = src/input/Input.cpp; sourceTree = "<group>"; };
		1AC9F5A02B8C1C6D00ACD679 /* Actor.cpp */ = {isa = PBXFileReference; fileEncoding = 4; lastKnownFileType = sourcecode.cpp.cpp; name = Actor.cpp; path = src/world/Actor.cpp; sourceTree = "<group>"; };
		1AC9F5A12B8C1C6D00ACD679 /* Scene.cpp */ = {isa = PBXFileReference; fileEncoding = 4; lastKnownFileType = sourcecode.cpp.cpp; name = Scene.cpp; path = src/world/Scene.cpp; sourceTree = "<group>"; };
		1AC9F5EA2B8C258500ACD679 /* lmathlib.c */ = {isa = PBXFileReference; fileEncoding = 4; lastKnownFileType = sourcecode.c.c; name = lmathlib.c; path = dependencies/lua/lmathlib.c; sourceTree = "<group>"; };
		1AC9F5EB2B8C258500ACD679 /* lparser.c */ = {isa = PBXFileReference; fileEncoding = 4; lastKnownFileType = sourcecode.c.c; name = lparser.c; path = dependencies/lua/lparser.c; sourceTree = "<group>"; };
		1AC9F5EC2B8C258500ACD679 /* lauxlib.c */ = {isa = PBXFileReference; fileEncoding = 4; lastKnownFileType = sourcecode.c.c; name = lauxlib.c; path = dependencies/lua/lauxlib.c; sourceTree = "<group>"; };
		1AC9F5ED2B8C258500ACD679 /* lctype.c */ = {isa = PBXFileReference; fileEncoding = 4; lastKnownFileType = sourcecode.c.c; name = lctype.c; path = dependencies/lua/lctype.c; sourceTree = "<group>"; };
		1AC9F5EE2B8C258500ACD679 /* loslib.c */ = {isa = PBXFileReference; fileEncoding = 4; lastKnownFileType = sourcecode.c.c; name = loslib.c; path = dependencies/lua/loslib.c; sourceTree = "<group>"; };
		1AC9F5EF2B8C258500ACD679 /* lgc.c */ = {isa = PBXFileReference; fileEncoding = 4; lastKnownFileType = sourcecode.c.c; name = lgc.c; path = dependencies/lua/lgc.c; sourceTree = "<group>"; };
		1AC9F5F02B8C258500ACD679 /* lmem.c */ = {isa = PBXFileReference; fileEncoding = 4; lastKnownFileType = sourcecode.c.c; name = lmem.c; path = dependencies/lua/lmem.c; sourceTree = "<group>"; };
		1AC9F5F12B8C258500ACD679 /* llex.c */ = {isa = PBXFileReference; fileEncoding = 4; lastKnownFileType = sourcecode.c.c; name = llex.c; path = dependencies/lua/llex.c; sourceTree = "<group>"; };
		1AC9F5F22B8C258500ACD679 /* lvm.c */ = {isa = PBXFileReference; fileEncoding = 4; lastKnownFileType = sourcecode.c.c; name = lvm.c; path = dependencies/lua/lvm.c; sourceTree = "<group>"; };
		1AC9F5F32B8C258500ACD679 /* lzio.c */ = {isa = PBXFileReference; fileEncoding = 4; lastKnownFileType = sourcecode.c.c; name = lzio.c; path = dependencies/lua/lzio.c; sourceTree = "<group>"; };
		1AC9F5F42B8C258500ACD679 /* lstate.c */ = {isa = PBXFileReference; fileEncoding = 4; lastKnownFileType = sourcecode.c.c; name = lstate.c; path = dependencies/lua/lstate.c; sourceTree = "<group>"; };
		1AC9F5F52B8C258500ACD679 /* lapi.c */ = {isa = PBXFileReference; fileEncoding = 4; lastKnownFileType = sourcecode.c.c; name = lapi.c; path = dependencies/lua/lapi.c; sourceTree = "<group>"; };
		1AC9F5F62B8C258500ACD679 /* ltable.c */ = {isa = PBXFileReference; fileEncoding = 4; lastKnownFileType = sourcecode.c.c; name = ltable.c; path = dependencies/lua/ltable.c; sourceTree = "<group>"; };
		1AC9F5F72B8C258500ACD679 /* lbaselib.c */ = {isa = PBXFileReference; fileEncoding = 4; lastKnownFileType = sourcecode.c.c; name = lbaselib.c; path = dependencies/lua/lbaselib.c; sourceTree = "<group>"; };
		1AC9F5F82B8C258500ACD679 /* lfunc.c */ = {isa = PBXFileReference; fileEncoding = 4; lastKnownFileType = sourcecode.c.c; name = lfunc.c; path = dependencies/lua/lfunc.c; sourceTree = "<group>"; };
		1AC9F5F92B8C258500ACD679 /* ltablib.c */ = {isa = PBXFileReference; fileEncoding = 4; lastKnownFileType = sourcecode.c.c; name = ltablib.c; path = dependencies/lua/ltablib.c; sourceTree = "<group>"; };
		1AC9F5FA2B8C258500ACD679 /* ldebug.c */ = {isa = PBXFileReference; fileEncoding = 4; lastKnownFileType = sourcecode.c.c; name = ldebug.c; path = dependencies/lua/ldebug.c; sourceTree = "<group>"; };
		1AC9F5FB2B8C258500ACD679 /* ldblib.c */ = {isa = PBXFileReference; fileEncoding = 4; lastKnownFileType = sourcecode.c.c; name = ldblib.c; path = dependencies/lua/ldblib.c; sourceTree = "<group>"; };
		1AC9F5FC2B8C258500ACD679 /* lcode.c */ = {isa = PBXFileReference; fileEncoding = 4; lastKnownFileType = sourcecode.c.c; name = lcode.c; path = dependencies/lua/lcode.c; sourceTree = "<group>"; };
		1AC9F5FD2B8C258500ACD679 /* lstrlib.c */ = {isa = PBXFileReference; fileEncoding = 4; lastKnownFileType = sourcecode.c.c; name = lstrlib.c; path = dependencies/lua/lstrlib.c; sourceTree = "<group>"; };
		1AC9F5FE2B8C258500ACD679 /* lundump.c */ = {isa = PBXFileReference; fileEncoding = 4; lastKnownFileType = sourcecode.c.c; name = lundump.c; path = dependencies/lua/lundump.c; sourceTree = "<group>"; };
		1AC9F5FF2B8C258500ACD679 /* lobject.c */ = {isa = PBXFileReference; fileEncoding = 4; lastKnownFileType = sourcecode.c.c; name = lobject.c; path = dependencies/lua/lobject.c; sourceTree = "<group>"; };
		1AC9F6002B8C258500ACD679 /* loadlib.c */ = {isa = PBXFileReference; fileEncoding = 4; lastKnownFileType = sourcecode.c.c; name = loadlib.c; path = dependencies/lua/loadlib.c; sourceTree = "<group>"; };
		1AC9F6012B8C258600ACD679 /* ldo.c */ = {isa = PBXFileReference; fileEncoding = 4; lastKnownFileType = sourcecode.c.c; name = ldo.c; path = dependencies/lua/ldo.c; sourceTree = "<group>"; };
		1AC9F6022B8C258600ACD679 /* lutf8lib.c */ = {isa = PBXFileReference; fileEncoding = 4; lastKnownFileType = sourcecode.c.c; name = lutf8lib.c; path = dependencies/lua/lutf8lib.c; sourceTree = "<group>"; };
		1AC9F6032B8C258600ACD679 /* ldump.c */ = {isa = PBXFileReference; fileEncoding = 4; lastKnownFileType = sourcecode.c.c; name = ldump.c; path = dependencies/lua/ldump.c; sourceTree = "<group>"; };
		1AC9F6052B8C258600ACD679 /* liolib.c */ = {isa = PBXFileReference; fileEncoding = 4; lastKnownFileType = sourcecode.c.c; name = liolib.c; path = dependencies/lua/liolib.c; sourceTree = "<group>"; };
		1AC9F6072B8C258600ACD679 /* lopcodes.c */ = {isa = PBXFileReference; fileEncoding = 4; lastKnownFileType = sourcecode.c.c; name = lopcodes.c; path = dependencies/lua/lopcodes.c; sourceTree = "<group>"; };
		1AC9F6082B8C258600ACD679 /* ltm.c */ = {isa = PBXFileReference; fileEncoding = 4; lastKnownFileType = sourcecode.c.c; name = ltm.c; path = dependencies/lua/ltm.c; sourceTree = "<group>"; };
		1AC9F6092B8C258600ACD679 /* linit.c */ = {isa = PBXFileReference; fileEncoding = 4; lastKnownFileType = sourcecode.c.c; name = linit.c; path = dependencies/lua/linit.c; sourceTree = "<group>"; };
		1AC9F60A2B8C258600ACD679 /* lstring.c */ = {isa = PBXFileReference; fileEncoding = 4; lastKnownFileType = sourcecode.c.c; name = lstring.c; path = dependencies/lua/lstring.c; sourceTree = "<group>"; };
		1AC9F60B2B8C258600ACD679 /* lcorolib.c */ = {isa = PBXFileReference; fileEncoding = 4; lastKnownFileType = sourcecode.c.c; name = lcorolib.c; path = dependencies/lua/lcorolib.c; sourceTree = "<group>"; };
		1AFE9C582B7603720052907A /* SDL2_ttf.framework */ = {isa = PBXFileReference; lastKnownFileType = wrapper.framework; name = SDL2_ttf.framework; path = dependencies/SDL2/lib/osx/SDL2_ttf.framework; sourceTree = "<group>"; };
		1AFE9C592B7603720052907A /* SDL2_image.framework */ = {isa = PBXFileReference; lastKnownFileType = wrapper.framework; name = SDL2_image.framework; path = dependencies/SDL2/lib/osx/SDL2_image.framework; sourceTree = "<group>"; };
		1AFE9C5A2B7603720052907A /* SDL2_mixer.framework */ = {isa = PBXFileReference; lastKnownFileType = wrapper.framework; name = SDL2_mixer.framework; path = dependencies/SDL2/lib/osx/SDL2_mixer.framework; sourceTree = "<group>"; };
		1AFE9C5B2B7603720052907A /* SDL2.framework */ = {isa = PBXFileReference; lastKnownFileType = wrapper.framework; name = SDL2.framework; path = dependencies/SDL2/lib/osx/SDL2.framework; sourceTree = "<group>"; };
/* End PBXFileReference section */

/* Begin PBXFrameworksBuildPhase section */
		1A97D24C2B71B040007E39F4 /* Frameworks */ = {
			isa = PBXFrameworksBuildPhase;
			buildActionMask = 2147483647;
			files = (
				1AFE9C5C2B7603720052907A /* SDL2_ttf.framework in Frameworks */,
				1AFE9C5D2B7603720052907A /* SDL2_image.framework in Frameworks */,
				1AFE9C5E2B7603720052907A /* SDL2_mixer.framework in Frameworks */,
				1AFE9C5F2B7603720052907A /* SDL2.framework in Frameworks */,
			);
			runOnlyForDeploymentPostprocessing = 0;
		};
/* End PBXFrameworksBuildPhase section */

/* Begin PBXGroup section */
		1A97D2462B71B040007E39F4 = {
			isa = PBXGroup;
			children = (
				1AC9F5F52B8C258500ACD679 /* lapi.c */,
				1AC9F5EC2B8C258500ACD679 /* lauxlib.c */,
				1AC9F5F72B8C258500ACD679 /* lbaselib.c */,
				1AC9F5FC2B8C258500ACD679 /* lcode.c */,
				1AC9F60B2B8C258600ACD679 /* lcorolib.c */,
				1AC9F5ED2B8C258500ACD679 /* lctype.c */,
				1AC9F5FB2B8C258500ACD679 /* ldblib.c */,
				1AC9F5FA2B8C258500ACD679 /* ldebug.c */,
				1AC9F6012B8C258600ACD679 /* ldo.c */,
				1AC9F6032B8C258600ACD679 /* ldump.c */,
				1AC9F5F82B8C258500ACD679 /* lfunc.c */,
				1AC9F5EF2B8C258500ACD679 /* lgc.c */,
				1AC9F6092B8C258600ACD679 /* linit.c */,
				1AC9F6052B8C258600ACD679 /* liolib.c */,
				1AC9F5F12B8C258500ACD679 /* llex.c */,
				1AC9F5EA2B8C258500ACD679 /* lmathlib.c */,
				1AC9F5F02B8C258500ACD679 /* lmem.c */,
				1AC9F6002B8C258500ACD679 /* loadlib.c */,
				1AC9F5FF2B8C258500ACD679 /* lobject.c */,
				1AC9F6072B8C258600ACD679 /* lopcodes.c */,
				1AC9F5EE2B8C258500ACD679 /* loslib.c */,
				1AC9F5EB2B8C258500ACD679 /* lparser.c */,
				1AC9F5F42B8C258500ACD679 /* lstate.c */,
				1AC9F60A2B8C258600ACD679 /* lstring.c */,
				1AC9F5FD2B8C258500ACD679 /* lstrlib.c */,
				1AC9F5F62B8C258500ACD679 /* ltable.c */,
				1AC9F5F92B8C258500ACD679 /* ltablib.c */,
				1AC9F6082B8C258600ACD679 /* ltm.c */,
				1AC9F5FE2B8C258500ACD679 /* lundump.c */,
				1AC9F6022B8C258600ACD679 /* lutf8lib.c */,
				1AC9F5F22B8C258500ACD679 /* lvm.c */,
				1AC9F5F32B8C258500ACD679 /* lzio.c */,
				1AC9F5A02B8C1C6D00ACD679 /* Actor.cpp */,
				1AC9F5A12B8C1C6D00ACD679 /* Scene.cpp */,
				1AC9F59E2B8C1B6900ACD679 /* Input.cpp */,
				1AC9F5982B8215F000ACD679 /* GameConfig.cpp */,
				1AC9F5962B8215F000ACD679 /* RenderingConfig.cpp */,
				1AC9F5972B8215F000ACD679 /* SceneConfig.cpp */,
				1AC9F5942B8215DD00ACD679 /* ResourceManager.cpp */,
				1A726B6B2B7B5E0800A4E05F /* Artist.cpp */,
				1A726B6A2B7B5E0800A4E05F /* Renderer.cpp */,
				1A726B662B7B5DD600A4E05F /* AudioPlayer.cpp */,
				1A726B642B7B5DC600A4E05F /* GameEngine.cpp */,
				1A97D2502B71B040007E39F4 /* Products */,
				1AFE9C572B7603720052907A /* Frameworks */,
			);
			sourceTree = "<group>";
		};
		1A97D2502B71B040007E39F4 /* Products */ = {
			isa = PBXGroup;
			children = (
				1A97D24F2B71B040007E39F4 /* game_engine */,
			);
			name = Products;
			sourceTree = "<group>";
		};
		1AFE9C572B7603720052907A /* Frameworks */ = {
			isa = PBXGroup;
			children = (
				1AFE9C592B7603720052907A /* SDL2_image.framework */,
				1AFE9C5A2B7603720052907A /* SDL2_mixer.framework */,
				1AFE9C582B7603720052907A /* SDL2_ttf.framework */,
				1AFE9C5B2B7603720052907A /* SDL2.framework */,
			);
			name = Frameworks;
			sourceTree = "<group>";
		};
/* End PBXGroup section */

/* Begin PBXNativeTarget section */
		1A97D24E2B71B040007E39F4 /* game_engine */ = {
			isa = PBXNativeTarget;
			buildConfigurationList = 1A97D2562B71B040007E39F4 /* Build configuration list for PBXNativeTarget "game_engine" */;
			buildPhases = (
				1A97D24B2B71B040007E39F4 /* Sources */,
				1A97D24C2B71B040007E39F4 /* Frameworks */,
				1A97D24D2B71B040007E39F4 /* CopyFiles */,
			);
			buildRules = (
			);
			dependencies = (
			);
			name = game_engine;
			productName = game_engine;
			productReference = 1A97D24F2B71B040007E39F4 /* game_engine */;
			productType = "com.apple.product-type.tool";
		};
/* End PBXNativeTarget section */

/* Begin PBXProject section */
		1A97D2472B71B040007E39F4 /* Project object */ = {
			isa = PBXProject;
			attributes = {
				BuildIndependentTargetsInParallel = 1;
				LastUpgradeCheck = 1520;
				TargetAttributes = {
					1A97D24E2B71B040007E39F4 = {
						CreatedOnToolsVersion = 15.2;
					};
				};
			};
			buildConfigurationList = 1A97D24A2B71B040007E39F4 /* Build configuration list for PBXProject "game_engine" */;
			compatibilityVersion = "Xcode 14.0";
			developmentRegion = en;
			hasScannedForEncodings = 0;
			knownRegions = (
				en,
				Base,
			);
			mainGroup = 1A97D2462B71B040007E39F4;
			productRefGroup = 1A97D2502B71B040007E39F4 /* Products */;
			projectDirPath = "";
			projectRoot = "";
			targets = (
				1A97D24E2B71B040007E39F4 /* game_engine */,
			);
		};
/* End PBXProject section */

/* Begin PBXSourcesBuildPhase section */
		1A97D24B2B71B040007E39F4 /* Sources */ = {
			isa = PBXSourcesBuildPhase;
			buildActionMask = 2147483647;
			files = (
				1AC9F62B2B8C258600ACD679 /* linit.c in Sources */,
				1AC9F61A2B8C258600ACD679 /* lfunc.c in Sources */,
				1AC9F6292B8C258600ACD679 /* lopcodes.c in Sources */,
				1AC9F59A2B8215F000ACD679 /* SceneConfig.cpp in Sources */,
				1AC9F5992B8215F000ACD679 /* RenderingConfig.cpp in Sources */,
				1AC9F5952B8215DD00ACD679 /* ResourceManager.cpp in Sources */,
				1A726B6C2B7B5E0800A4E05F /* Renderer.cpp in Sources */,
				1A726B652B7B5DC700A4E05F /* GameEngine.cpp in Sources */,
				1AC9F60E2B8C258600ACD679 /* lauxlib.c in Sources */,
				1AC9F6192B8C258600ACD679 /* lbaselib.c in Sources */,
				1AC9F6172B8C258600ACD679 /* lapi.c in Sources */,
				1AC9F6232B8C258600ACD679 /* ldo.c in Sources */,
				1AC9F61E2B8C258600ACD679 /* lcode.c in Sources */,
				1AC9F59B2B8215F000ACD679 /* GameConfig.cpp in Sources */,
				1AC9F60D2B8C258600ACD679 /* lparser.c in Sources */,
				1AC9F6242B8C258600ACD679 /* lutf8lib.c in Sources */,
				1AC9F62A2B8C258600ACD679 /* ltm.c in Sources */,
				1AC9F5A32B8C1C6D00ACD679 /* Scene.cpp in Sources */,
				1AC9F6272B8C258600ACD679 /* liolib.c in Sources */,
				1AC9F6112B8C258600ACD679 /* lgc.c in Sources */,
				1AC9F61F2B8C258600ACD679 /* lstrlib.c in Sources */,
				1AC9F61B2B8C258600ACD679 /* ltablib.c in Sources */,
				1AC9F6252B8C258600ACD679 /* ldump.c in Sources */,
				1AC9F6122B8C258600ACD679 /* lmem.c in Sources */,
				1AC9F6132B8C258600ACD679 /* llex.c in Sources */,
				1AC9F62C2B8C258600ACD679 /* lstring.c in Sources */,
				1AC9F59F2B8C1B6900ACD679 /* Input.cpp in Sources */,
				1AC9F60F2B8C258600ACD679 /* lctype.c in Sources */,
				1AC9F60C2B8C258600ACD679 /* lmathlib.c in Sources */,
				1A726B6D2B7B5E0800A4E05F /* Artist.cpp in Sources */,
				1A726B682B7B5DD700A4E05F /* AudioPlayer.cpp in Sources */,
				1AC9F6152B8C258600ACD679 /* lzio.c in Sources */,
				1AC9F62D2B8C258600ACD679 /* lcorolib.c in Sources */,
				1AC9F6162B8C258600ACD679 /* lstate.c in Sources */,
				1AC9F6222B8C258600ACD679 /* loadlib.c in Sources */,
				1AC9F6142B8C258600ACD679 /* lvm.c in Sources */,
				1AC9F61C2B8C258600ACD679 /* ldebug.c in Sources */,
				1AC9F6182B8C258600ACD679 /* ltable.c in Sources */,
				1AC9F6212B8C258600ACD679 /* lobject.c in Sources */,
				1AC9F6102B8C258600ACD679 /* loslib.c in Sources */,
				1AC9F5A22B8C1C6D00ACD679 /* Actor.cpp in Sources */,
				1AC9F61D2B8C258600ACD679 /* ldblib.c in Sources */,
				1AC9F6202B8C258600ACD679 /* lundump.c in Sources */,
			);
			runOnlyForDeploymentPostprocessing = 0;
		};
/* End PBXSourcesBuildPhase section */

/* Begin XCBuildConfiguration section */
		1A97D2542B71B040007E39F4 /* Debug */ = {
			isa = XCBuildConfiguration;
			buildSettings = {
				ALWAYS_SEARCH_USER_PATHS = NO;
				ASSETCATALOG_COMPILER_GENERATE_SWIFT_ASSET_SYMBOL_EXTENSIONS = YES;
				CLANG_ANALYZER_NONNULL = YES;
				CLANG_ANALYZER_NUMBER_OBJECT_CONVERSION = YES_AGGRESSIVE;
				CLANG_CXX_LANGUAGE_STANDARD = "gnu++20";
				CLANG_ENABLE_MODULES = YES;
				CLANG_ENABLE_OBJC_ARC = YES;
				CLANG_ENABLE_OBJC_WEAK = YES;
				CLANG_WARN_BLOCK_CAPTURE_AUTORELEASING = YES;
				CLANG_WARN_BOOL_CONVERSION = YES;
				CLANG_WARN_COMMA = YES;
				CLANG_WARN_CONSTANT_CONVERSION = YES;
				CLANG_WARN_DEPRECATED_OBJC_IMPLEMENTATIONS = YES;
				CLANG_WARN_DIRECT_OBJC_ISA_USAGE = YES_ERROR;
				CLANG_WARN_DOCUMENTATION_COMMENTS = YES;
				CLANG_WARN_EMPTY_BODY = YES;
				CLANG_WARN_ENUM_CONVERSION = YES;
				CLANG_WARN_INFINITE_RECURSION = YES;
				CLANG_WARN_INT_CONVERSION = YES;
				CLANG_WARN_NON_LITERAL_NULL_CONVERSION = YES;
				CLANG_WARN_OBJC_IMPLICIT_RETAIN_SELF = YES;
				CLANG_WARN_OBJC_LITERAL_CONVERSION = YES;
				CLANG_WARN_OBJC_ROOT_CLASS = YES_ERROR;
				CLANG_WARN_QUOTED_INCLUDE_IN_FRAMEWORK_HEADER = YES;
				CLANG_WARN_RANGE_LOOP_ANALYSIS = YES;
				CLANG_WARN_STRICT_PROTOTYPES = YES;
				CLANG_WARN_SUSPICIOUS_MOVE = YES;
				CLANG_WARN_UNGUARDED_AVAILABILITY = YES_AGGRESSIVE;
				CLANG_WARN_UNREACHABLE_CODE = YES;
				CLANG_WARN__DUPLICATE_METHOD_MATCH = YES;
				COPY_PHASE_STRIP = NO;
				DEBUG_INFORMATION_FORMAT = dwarf;
				ENABLE_STRICT_OBJC_MSGSEND = YES;
				ENABLE_TESTABILITY = YES;
				ENABLE_USER_SCRIPT_SANDBOXING = YES;
				GCC_C_LANGUAGE_STANDARD = gnu17;
				GCC_DYNAMIC_NO_PIC = NO;
				GCC_NO_COMMON_BLOCKS = YES;
				GCC_OPTIMIZATION_LEVEL = 0;
				GCC_PREPROCESSOR_DEFINITIONS = (
					"DEBUG=1",
					"$(inherited)",
				);
				GCC_WARN_64_TO_32_BIT_CONVERSION = YES;
				GCC_WARN_ABOUT_RETURN_TYPE = YES_ERROR;
				GCC_WARN_UNDECLARED_SELECTOR = YES;
				GCC_WARN_UNINITIALIZED_AUTOS = YES_AGGRESSIVE;
				GCC_WARN_UNUSED_FUNCTION = YES;
				GCC_WARN_UNUSED_VARIABLE = YES;
				LOCALIZATION_PREFERS_STRING_CATALOGS = YES;
				MACOSX_DEPLOYMENT_TARGET = 13.5;
				MTL_ENABLE_DEBUG_INFO = INCLUDE_SOURCE;
				MTL_FAST_MATH = YES;
				ONLY_ACTIVE_ARCH = YES;
				SDKROOT = macosx;
			};
			name = Debug;
		};
		1A97D2552B71B040007E39F4 /* Release */ = {
			isa = XCBuildConfiguration;
			buildSettings = {
				ALWAYS_SEARCH_USER_PATHS = NO;
				ASSETCATALOG_COMPILER_GENERATE_SWIFT_ASSET_SYMBOL_EXTENSIONS = YES;
				CLANG_ANALYZER_NONNULL = YES;
				CLANG_ANALYZER_NUMBER_OBJECT_CONVERSION = YES_AGGRESSIVE;
				CLANG_CXX_LANGUAGE_STANDARD = "gnu++20";
				CLANG_ENABLE_MODULES = YES;
				CLANG_ENABLE_OBJC_ARC = YES;
				CLANG_ENABLE_OBJC_WEAK = YES;
				CLANG_WARN_BLOCK_CAPTURE_AUTORELEASING = YES;
				CLANG_WARN_BOOL_CONVERSION = YES;
				CLANG_WARN_COMMA = YES;
				CLANG_WARN_CONSTANT_CONVERSION = YES;
				CLANG_WARN_DEPRECATED_OBJC_IMPLEMENTATIONS = YES;
				CLANG_WARN_DIRECT_OBJC_ISA_USAGE = YES_ERROR;
				CLANG_WARN_DOCUMENTATION_COMMENTS = YES;
				CLANG_WARN_EMPTY_BODY = YES;
				CLANG_WARN_ENUM_CONVERSION = YES;
				CLANG_WARN_INFINITE_RECURSION = YES;
				CLANG_WARN_INT_CONVERSION = YES;
				CLANG_WARN_NON_LITERAL_NULL_CONVERSION = YES;
				CLANG_WARN_OBJC_IMPLICIT_RETAIN_SELF = YES;
				CLANG_WARN_OBJC_LITERAL_CONVERSION = YES;
				CLANG_WARN_OBJC_ROOT_CLASS = YES_ERROR;
				CLANG_WARN_QUOTED_INCLUDE_IN_FRAMEWORK_HEADER = YES;
				CLANG_WARN_RANGE_LOOP_ANALYSIS = YES;
				CLANG_WARN_STRICT_PROTOTYPES = YES;
				CLANG_WARN_SUSPICIOUS_MOVE = YES;
				CLANG_WARN_UNGUARDED_AVAILABILITY = YES_AGGRESSIVE;
				CLANG_WARN_UNREACHABLE_CODE = YES;
				CLANG_WARN__DUPLICATE_METHOD_MATCH = YES;
				COPY_PHASE_STRIP = NO;
				DEBUG_INFORMATION_FORMAT = "dwarf-with-dsym";
				ENABLE_NS_ASSERTIONS = NO;
				ENABLE_STRICT_OBJC_MSGSEND = YES;
				ENABLE_USER_SCRIPT_SANDBOXING = YES;
				GCC_C_LANGUAGE_STANDARD = gnu17;
				GCC_NO_COMMON_BLOCKS = YES;
				GCC_WARN_64_TO_32_BIT_CONVERSION = YES;
				GCC_WARN_ABOUT_RETURN_TYPE = YES_ERROR;
				GCC_WARN_UNDECLARED_SELECTOR = YES;
				GCC_WARN_UNINITIALIZED_AUTOS = YES_AGGRESSIVE;
				GCC_WARN_UNUSED_FUNCTION = YES;
				GCC_WARN_UNUSED_VARIABLE = YES;
				LOCALIZATION_PREFERS_STRING_CATALOGS = YES;
				MACOSX_DEPLOYMENT_TARGET = 13.5;
				MTL_ENABLE_DEBUG_INFO = NO;
				MTL_FAST_MATH = YES;
				SDKROOT = macosx;
			};
			name = Release;
		};
		1A97D2572B71B040007E39F4 /* Debug */ = {
			isa = XCBuildConfiguration;
			buildSettings = {
				CODE_SIGN_STYLE = Automatic;
				FRAMEWORK_SEARCH_PATHS = (
					"$(inherited)",
					"$(PROJECT_DIR)/dependencies/SDL2/lib/osx",
				);
				GCC_PREPROCESSOR_DEFINITIONS = "DEBUG=1";
				HEADER_SEARCH_PATHS = (
					"$(PROJECT_DIR)/dependencies",
					"$(PROJECT_DIR)/dependencies/lua",
					"$(PROJECT_DIR)/dependencies/LuaBridge",
				);
				LD_RUNPATH_SEARCH_PATHS = "$(PROJECT_DIR)/dependencies/SDL2/lib/OSX";
				PRODUCT_NAME = "$(TARGET_NAME)";
			};
			name = Debug;
		};
		1A97D2582B71B040007E39F4 /* Release */ = {
			isa = XCBuildConfiguration;
			buildSettings = {
				CODE_SIGN_STYLE = Automatic;
				FRAMEWORK_SEARCH_PATHS = (
					"$(inherited)",
					"$(PROJECT_DIR)/dependencies/SDL2/lib/osx",
				);
				GCC_PREPROCESSOR_DEFINITIONS = "";
				HEADER_SEARCH_PATHS = (
					"$(PROJECT_DIR)/dependencies",
					"$(PROJECT_DIR)/dependencies/lua",
					"$(PROJECT_DIR)/dependencies/LuaBridge",
				);
				LD_RUNPATH_SEARCH_PATHS = "$(PROJECT_DIR)/dependencies/SDL2/lib/OSX";
				PRODUCT_NAME = "$(TARGET_NAME)";
			};
			name = Release;
		};
/* End XCBuildConfiguration section */

/* Begin XCConfigurationList section */
		1A97D24A2B71B040007E39F4 /* Build configuration list for PBXProject "game_engine" */ = {
			isa = XCConfigurationList;
			buildConfigurations = (
				1A97D2542B71B040007E39F4 /* Debug */,
				1A97D2552B71B040007E39F4 /* Release */,
			);
			defaultConfigurationIsVisible = 0;
			defaultConfigurationName = Release;
		};
		1A97D2562B71B040007E39F4 /* Build configuration list for PBXNativeTarget "game_engine" */ = {
			isa = XCConfigurationList;
			buildConfigurations = (
				1A97D2572B71B040007E39F4 /* Debug */,
				1A97D2582B71B040007E39F4 /* Release */,
			);
			defaultConfigurationIsVisible = 0;
			defaultConfigurationName = Release;
		};
/* End XCConfigurationList section */
	};
	rootObject = 1A97D2472B71B040007E39F4 /* Project object */;
}
